PODS:
  - Fakery (5.1.0)
  - SDWebImage (5.0.0):
    - SDWebImage/Core (= 5.0.0)
  - SDWebImage/Core (5.0.0)
  - YXTodayNewsView (0.0.1):
    - SDWebImage (= 5.0.0)

DEPENDENCIES:
  - Fakery
  - YXTodayNewsView (from `../`)

SPEC REPOS:
  trunk:
    - Fakery
    - SDWebImage

EXTERNAL SOURCES:
  YXTodayNewsView:
    :path: "../"

SPEC CHECKSUMS:
  Fakery: a90caff00ca5cacde6c161c3eafc72314a03d34d
  SDWebImage: 5de80a0302de9e377e62f47d2fa1304efff0e55f
  YXTodayNewsView: a75bcf29befd3d24fa52c215c017e8e3a3bd6e36

PODFILE CHECKSUM: 81f2226e4cb610a87cb7439ae97243104963dbd4

COCOAPODS: 1.10.1
