PODS:
  - Fakery (5.1.0)
  - SDWebImage (5.18.3):
    - SDWebImage/Core (= 5.18.3)
  - SDWebImage/Core (5.18.3)
  - YXTodayNewsView (0.0.1):
    - SDWebImage (= 5.18.3)

DEPENDENCIES:
  - Fakery
  - YXTodayNewsView (from `../`)

SPEC REPOS:
  trunk:
    - Fakery
    - SDWebImage

EXTERNAL SOURCES:
  YXTodayNewsView:
    :path: "../"

SPEC CHECKSUMS:
  Fakery: a90caff00ca5cacde6c161c3eafc72314a03d34d
  SDWebImage: 96e0c18ef14010b7485210e92fac888587ebb958
  YXTodayNewsView: ae3eadfdac62a00ac1c5b0c992bbbe10f91e560d

PODFILE CHECKSUM: 81f2226e4cb610a87cb7439ae97243104963dbd4

COCOAPODS: 1.10.1
