// !$*UTF8*$!
{
	archiveVersion = 1;
	classes = {
	};
	objectVersion = 56;
	objects = {

/* Begin PBXBuildFile section */
		4A962CE52AE7C57B00C066E6 /* Oswald-Medium.ttf in Resources */ = {isa = PBXBuildFile; fileRef = 4A962CE22AE7C57B00C066E6 /* Oswald-Medium.ttf */; };
		4A962CE62AE7C57B00C066E6 /* Oswald-Regular.ttf in Resources */ = {isa = PBXBuildFile; fileRef = 4A962CE32AE7C57B00C066E6 /* Oswald-Regular.ttf */; };
		4A962CE72AE7C57B00C066E6 /* YouSheBiaoTiHei.ttf in Resources */ = {isa = PBXBuildFile; fileRef = 4A962CE42AE7C57B00C066E6 /* YouSheBiaoTiHei.ttf */; };
		4A9880092AE66A9E003AA1D5 /* AppDelegate.m in Sources */ = {isa = PBXBuildFile; fileRef = 4A9880082AE66A9E003AA1D5 /* AppDelegate.m */; };
		4A98800F2AE66A9E003AA1D5 /* MainViewController.m in Sources */ = {isa = PBXBuildFile; fileRef = 4A98800E2AE66A9E003AA1D5 /* MainViewController.m */; };
		4A9880142AE66A9F003AA1D5 /* Assets.xcassets in Resources */ = {isa = PBXBuildFile; fileRef = 4A9880132AE66A9F003AA1D5 /* Assets.xcassets */; };
		4A9880172AE66A9F003AA1D5 /* LaunchScreen.storyboard in Resources */ = {isa = PBXBuildFile; fileRef = 4A9880152AE66A9F003AA1D5 /* LaunchScreen.storyboard */; };
		4A98801A2AE66A9F003AA1D5 /* main.m in Sources */ = {isa = PBXBuildFile; fileRef = 4A9880192AE66A9F003AA1D5 /* main.m */; };
		4A9880252AE673DD003AA1D5 /* FakeryHelper.swift in Sources */ = {isa = PBXBuildFile; fileRef = 4A9880242AE673DD003AA1D5 /* FakeryHelper.swift */; };
		4A9880432AE69B9E003AA1D5 /* MenuItemModel.m in Sources */ = {isa = PBXBuildFile; fileRef = 4A9880422AE69B9E003AA1D5 /* MenuItemModel.m */; };
		5CA56A6A39F660D30DBD1353 /* libPods-YXTodayNewsViewDemo.a in Frameworks */ = {isa = PBXBuildFile; fileRef = FC179C7EDF2BA308F21AA3CC /* libPods-YXTodayNewsViewDemo.a */; };
/* End PBXBuildFile section */

/* Begin PBXFileReference section */
		4A962CE22AE7C57B00C066E6 /* Oswald-Medium.ttf */ = {isa = PBXFileReference; lastKnownFileType = file; path = "Oswald-Medium.ttf"; sourceTree = "<group>"; };
		4A962CE32AE7C57B00C066E6 /* Oswald-Regular.ttf */ = {isa = PBXFileReference; lastKnownFileType = file; path = "Oswald-Regular.ttf"; sourceTree = "<group>"; };
		4A962CE42AE7C57B00C066E6 /* YouSheBiaoTiHei.ttf */ = {isa = PBXFileReference; lastKnownFileType = file; path = YouSheBiaoTiHei.ttf; sourceTree = "<group>"; };
		4A9880042AE66A9E003AA1D5 /* YXTodayNewsViewDemo.app */ = {isa = PBXFileReference; explicitFileType = wrapper.application; includeInIndex = 0; path = YXTodayNewsViewDemo.app; sourceTree = BUILT_PRODUCTS_DIR; };
		4A9880072AE66A9E003AA1D5 /* AppDelegate.h */ = {isa = PBXFileReference; lastKnownFileType = sourcecode.c.h; path = AppDelegate.h; sourceTree = "<group>"; };
		4A9880082AE66A9E003AA1D5 /* AppDelegate.m */ = {isa = PBXFileReference; lastKnownFileType = sourcecode.c.objc; path = AppDelegate.m; sourceTree = "<group>"; };
		4A98800D2AE66A9E003AA1D5 /* MainViewController.h */ = {isa = PBXFileReference; lastKnownFileType = sourcecode.c.h; path = MainViewController.h; sourceTree = "<group>"; };
		4A98800E2AE66A9E003AA1D5 /* MainViewController.m */ = {isa = PBXFileReference; lastKnownFileType = sourcecode.c.objc; path = MainViewController.m; sourceTree = "<group>"; };
		4A9880132AE66A9F003AA1D5 /* Assets.xcassets */ = {isa = PBXFileReference; lastKnownFileType = folder.assetcatalog; path = Assets.xcassets; sourceTree = "<group>"; };
		4A9880162AE66A9F003AA1D5 /* Base */ = {isa = PBXFileReference; lastKnownFileType = file.storyboard; name = Base; path = Base.lproj/LaunchScreen.storyboard; sourceTree = "<group>"; };
		4A9880182AE66A9F003AA1D5 /* Info.plist */ = {isa = PBXFileReference; lastKnownFileType = text.plist.xml; path = Info.plist; sourceTree = "<group>"; };
		4A9880192AE66A9F003AA1D5 /* main.m */ = {isa = PBXFileReference; lastKnownFileType = sourcecode.c.objc; path = main.m; sourceTree = "<group>"; };
		4A9880232AE673DC003AA1D5 /* YXTodayNewsViewDemo-Bridging-Header.h */ = {isa = PBXFileReference; lastKnownFileType = sourcecode.c.h; path = "YXTodayNewsViewDemo-Bridging-Header.h"; sourceTree = "<group>"; };
		4A9880242AE673DD003AA1D5 /* FakeryHelper.swift */ = {isa = PBXFileReference; lastKnownFileType = sourcecode.swift; path = FakeryHelper.swift; sourceTree = "<group>"; };
		4A9880412AE69B9E003AA1D5 /* MenuItemModel.h */ = {isa = PBXFileReference; lastKnownFileType = sourcecode.c.h; path = MenuItemModel.h; sourceTree = "<group>"; };
		4A9880422AE69B9E003AA1D5 /* MenuItemModel.m */ = {isa = PBXFileReference; lastKnownFileType = sourcecode.c.objc; path = MenuItemModel.m; sourceTree = "<group>"; };
		99C9BE6581CF24D05424BD71 /* Pods-YXTodayNewsViewDemo.release.xcconfig */ = {isa = PBXFileReference; includeInIndex = 1; lastKnownFileType = text.xcconfig; name = "Pods-YXTodayNewsViewDemo.release.xcconfig"; path = "Target Support Files/Pods-YXTodayNewsViewDemo/Pods-YXTodayNewsViewDemo.release.xcconfig"; sourceTree = "<group>"; };
		CDC03EF9DC70142D7763D79D /* Pods-YXTodayNewsViewDemo.debug.xcconfig */ = {isa = PBXFileReference; includeInIndex = 1; lastKnownFileType = text.xcconfig; name = "Pods-YXTodayNewsViewDemo.debug.xcconfig"; path = "Target Support Files/Pods-YXTodayNewsViewDemo/Pods-YXTodayNewsViewDemo.debug.xcconfig"; sourceTree = "<group>"; };
		FC179C7EDF2BA308F21AA3CC /* libPods-YXTodayNewsViewDemo.a */ = {isa = PBXFileReference; explicitFileType = archive.ar; includeInIndex = 0; path = "libPods-YXTodayNewsViewDemo.a"; sourceTree = BUILT_PRODUCTS_DIR; };
/* End PBXFileReference section */

/* Begin PBXFrameworksBuildPhase section */
		4A9880012AE66A9E003AA1D5 /* Frameworks */ = {
			isa = PBXFrameworksBuildPhase;
			buildActionMask = 2147483647;
			files = (
				5CA56A6A39F660D30DBD1353 /* libPods-YXTodayNewsViewDemo.a in Frameworks */,
			);
			runOnlyForDeploymentPostprocessing = 0;
		};
/* End PBXFrameworksBuildPhase section */

/* Begin PBXGroup section */
		1013FE9C9C5522543C340C92 /* Frameworks */ = {
			isa = PBXGroup;
			children = (
				FC179C7EDF2BA308F21AA3CC /* libPods-YXTodayNewsViewDemo.a */,
			);
			name = Frameworks;
			sourceTree = "<group>";
		};
		4A962CE12AE7C57B00C066E6 /* TtfFont */ = {
			isa = PBXGroup;
			children = (
				4A962CE22AE7C57B00C066E6 /* Oswald-Medium.ttf */,
				4A962CE32AE7C57B00C066E6 /* Oswald-Regular.ttf */,
				4A962CE42AE7C57B00C066E6 /* YouSheBiaoTiHei.ttf */,
			);
			path = TtfFont;
			sourceTree = "<group>";
		};
		4A987FFB2AE66A9E003AA1D5 = {
			isa = PBXGroup;
			children = (
				4A9880062AE66A9E003AA1D5 /* YXTodayNewsViewDemo */,
				4A9880052AE66A9E003AA1D5 /* Products */,
				827BE4C875493C2D6DB88005 /* Pods */,
				1013FE9C9C5522543C340C92 /* Frameworks */,
			);
			sourceTree = "<group>";
		};
		4A9880052AE66A9E003AA1D5 /* Products */ = {
			isa = PBXGroup;
			children = (
				4A9880042AE66A9E003AA1D5 /* YXTodayNewsViewDemo.app */,
			);
			name = Products;
			sourceTree = "<group>";
		};
		4A9880062AE66A9E003AA1D5 /* YXTodayNewsViewDemo */ = {
			isa = PBXGroup;
			children = (
				4A962CE12AE7C57B00C066E6 /* TtfFont */,
				4A9880072AE66A9E003AA1D5 /* AppDelegate.h */,
				4A9880082AE66A9E003AA1D5 /* AppDelegate.m */,
				4A9880242AE673DD003AA1D5 /* FakeryHelper.swift */,
				4A98800D2AE66A9E003AA1D5 /* MainViewController.h */,
				4A98800E2AE66A9E003AA1D5 /* MainViewController.m */,
				4A9880412AE69B9E003AA1D5 /* MenuItemModel.h */,
				4A9880422AE69B9E003AA1D5 /* MenuItemModel.m */,
				4A9880132AE66A9F003AA1D5 /* Assets.xcassets */,
				4A9880152AE66A9F003AA1D5 /* LaunchScreen.storyboard */,
				4A9880182AE66A9F003AA1D5 /* Info.plist */,
				4A9880192AE66A9F003AA1D5 /* main.m */,
				4A9880232AE673DC003AA1D5 /* YXTodayNewsViewDemo-Bridging-Header.h */,
			);
			path = YXTodayNewsViewDemo;
			sourceTree = "<group>";
		};
		827BE4C875493C2D6DB88005 /* Pods */ = {
			isa = PBXGroup;
			children = (
				CDC03EF9DC70142D7763D79D /* Pods-YXTodayNewsViewDemo.debug.xcconfig */,
				99C9BE6581CF24D05424BD71 /* Pods-YXTodayNewsViewDemo.release.xcconfig */,
			);
			path = Pods;
			sourceTree = "<group>";
		};
/* End PBXGroup section */

/* Begin PBXNativeTarget section */
		4A9880032AE66A9E003AA1D5 /* YXTodayNewsViewDemo */ = {
			isa = PBXNativeTarget;
			buildConfigurationList = 4A98801D2AE66A9F003AA1D5 /* Build configuration list for PBXNativeTarget "YXTodayNewsViewDemo" */;
			buildPhases = (
				CAB988014A341F1745CC1C46 /* [CP] Check Pods Manifest.lock */,
				4A9880002AE66A9E003AA1D5 /* Sources */,
				4A9880012AE66A9E003AA1D5 /* Frameworks */,
				4A9880022AE66A9E003AA1D5 /* Resources */,
				1F3B31AF3BDACEF6E1411EA3 /* [CP] Copy Pods Resources */,
			);
			buildRules = (
			);
			dependencies = (
			);
			name = YXTodayNewsViewDemo;
			productName = YXTodayNewsViewDemo;
			productReference = 4A9880042AE66A9E003AA1D5 /* YXTodayNewsViewDemo.app */;
			productType = "com.apple.product-type.application";
		};
/* End PBXNativeTarget section */

/* Begin PBXProject section */
		4A987FFC2AE66A9E003AA1D5 /* Project object */ = {
			isa = PBXProject;
			attributes = {
				BuildIndependentTargetsInParallel = 1;
				LastUpgradeCheck = 1420;
				TargetAttributes = {
					4A9880032AE66A9E003AA1D5 = {
						CreatedOnToolsVersion = 14.2;
						LastSwiftMigration = 1420;
					};
				};
			};
			buildConfigurationList = 4A987FFF2AE66A9E003AA1D5 /* Build configuration list for PBXProject "YXTodayNewsViewDemo" */;
			compatibilityVersion = "Xcode 14.0";
			developmentRegion = en;
			hasScannedForEncodings = 0;
			knownRegions = (
				en,
				Base,
			);
			mainGroup = 4A987FFB2AE66A9E003AA1D5;
			productRefGroup = 4A9880052AE66A9E003AA1D5 /* Products */;
			projectDirPath = "";
			projectRoot = "";
			targets = (
				4A9880032AE66A9E003AA1D5 /* YXTodayNewsViewDemo */,
			);
		};
/* End PBXProject section */

/* Begin PBXResourcesBuildPhase section */
		4A9880022AE66A9E003AA1D5 /* Resources */ = {
			isa = PBXResourcesBuildPhase;
			buildActionMask = 2147483647;
			files = (
				4A962CE52AE7C57B00C066E6 /* Oswald-Medium.ttf in Resources */,
				4A9880172AE66A9F003AA1D5 /* LaunchScreen.storyboard in Resources */,
				4A9880142AE66A9F003AA1D5 /* Assets.xcassets in Resources */,
				4A962CE62AE7C57B00C066E6 /* Oswald-Regular.ttf in Resources */,
				4A962CE72AE7C57B00C066E6 /* YouSheBiaoTiHei.ttf in Resources */,
			);
			runOnlyForDeploymentPostprocessing = 0;
		};
/* End PBXResourcesBuildPhase section */

/* Begin PBXShellScriptBuildPhase section */
		1F3B31AF3BDACEF6E1411EA3 /* [CP] Copy Pods Resources */ = {
			isa = PBXShellScriptBuildPhase;
			buildActionMask = 2147483647;
			files = (
			);
			inputFileListPaths = (
				"${PODS_ROOT}/Target Support Files/Pods-YXTodayNewsViewDemo/Pods-YXTodayNewsViewDemo-resources-${CONFIGURATION}-input-files.xcfilelist",
			);
			name = "[CP] Copy Pods Resources";
			outputFileListPaths = (
				"${PODS_ROOT}/Target Support Files/Pods-YXTodayNewsViewDemo/Pods-YXTodayNewsViewDemo-resources-${CONFIGURATION}-output-files.xcfilelist",
			);
			runOnlyForDeploymentPostprocessing = 0;
			shellPath = /bin/sh;
			shellScript = "\"${PODS_ROOT}/Target Support Files/Pods-YXTodayNewsViewDemo/Pods-YXTodayNewsViewDemo-resources.sh\"\n";
			showEnvVarsInLog = 0;
		};
		CAB988014A341F1745CC1C46 /* [CP] Check Pods Manifest.lock */ = {
			isa = PBXShellScriptBuildPhase;
			buildActionMask = 2147483647;
			files = (
			);
			inputFileListPaths = (
			);
			inputPaths = (
				"${PODS_PODFILE_DIR_PATH}/Podfile.lock",
				"${PODS_ROOT}/Manifest.lock",
			);
			name = "[CP] Check Pods Manifest.lock";
			outputFileListPaths = (
			);
			outputPaths = (
				"$(DERIVED_FILE_DIR)/Pods-YXTodayNewsViewDemo-checkManifestLockResult.txt",
			);
			runOnlyForDeploymentPostprocessing = 0;
			shellPath = /bin/sh;
			shellScript = "diff \"${PODS_PODFILE_DIR_PATH}/Podfile.lock\" \"${PODS_ROOT}/Manifest.lock\" > /dev/null\nif [ $? != 0 ] ; then\n    # print error to STDERR\n    echo \"error: The sandbox is not in sync with the Podfile.lock. Run 'pod install' or update your CocoaPods installation.\" >&2\n    exit 1\nfi\n# This output is used by Xcode 'outputs' to avoid re-running this script phase.\necho \"SUCCESS\" > \"${SCRIPT_OUTPUT_FILE_0}\"\n";
			showEnvVarsInLog = 0;
		};
/* End PBXShellScriptBuildPhase section */

/* Begin PBXSourcesBuildPhase section */
		4A9880002AE66A9E003AA1D5 /* Sources */ = {
			isa = PBXSourcesBuildPhase;
			buildActionMask = 2147483647;
			files = (
				4A98800F2AE66A9E003AA1D5 /* MainViewController.m in Sources */,
				4A9880092AE66A9E003AA1D5 /* AppDelegate.m in Sources */,
				4A98801A2AE66A9F003AA1D5 /* main.m in Sources */,
				4A9880252AE673DD003AA1D5 /* FakeryHelper.swift in Sources */,
				4A9880432AE69B9E003AA1D5 /* MenuItemModel.m in Sources */,
			);
			runOnlyForDeploymentPostprocessing = 0;
		};
/* End PBXSourcesBuildPhase section */

/* Begin PBXVariantGroup section */
		4A9880152AE66A9F003AA1D5 /* LaunchScreen.storyboard */ = {
			isa = PBXVariantGroup;
			children = (
				4A9880162AE66A9F003AA1D5 /* Base */,
			);
			name = LaunchScreen.storyboard;
			sourceTree = "<group>";
		};
/* End PBXVariantGroup section */

/* Begin XCBuildConfiguration section */
		4A98801B2AE66A9F003AA1D5 /* Debug */ = {
			isa = XCBuildConfiguration;
			buildSettings = {
				ALWAYS_SEARCH_USER_PATHS = NO;
				CLANG_ANALYZER_NONNULL = YES;
				CLANG_ANALYZER_NUMBER_OBJECT_CONVERSION = YES_AGGRESSIVE;
				CLANG_CXX_LANGUAGE_STANDARD = "gnu++20";
				CLANG_ENABLE_MODULES = YES;
				CLANG_ENABLE_OBJC_ARC = YES;
				CLANG_ENABLE_OBJC_WEAK = YES;
				CLANG_WARN_BLOCK_CAPTURE_AUTORELEASING = YES;
				CLANG_WARN_BOOL_CONVERSION = YES;
				CLANG_WARN_COMMA = YES;
				CLANG_WARN_CONSTANT_CONVERSION = YES;
				CLANG_WARN_DEPRECATED_OBJC_IMPLEMENTATIONS = YES;
				CLANG_WARN_DIRECT_OBJC_ISA_USAGE = YES_ERROR;
				CLANG_WARN_DOCUMENTATION_COMMENTS = YES;
				CLANG_WARN_EMPTY_BODY = YES;
				CLANG_WARN_ENUM_CONVERSION = YES;
				CLANG_WARN_INFINITE_RECURSION = YES;
				CLANG_WARN_INT_CONVERSION = YES;
				CLANG_WARN_NON_LITERAL_NULL_CONVERSION = YES;
				CLANG_WARN_OBJC_IMPLICIT_RETAIN_SELF = YES;
				CLANG_WARN_OBJC_LITERAL_CONVERSION = YES;
				CLANG_WARN_OBJC_ROOT_CLASS = YES_ERROR;
				CLANG_WARN_QUOTED_INCLUDE_IN_FRAMEWORK_HEADER = YES;
				CLANG_WARN_RANGE_LOOP_ANALYSIS = YES;
				CLANG_WARN_STRICT_PROTOTYPES = YES;
				CLANG_WARN_SUSPICIOUS_MOVE = YES;
				CLANG_WARN_UNGUARDED_AVAILABILITY = YES_AGGRESSIVE;
				CLANG_WARN_UNREACHABLE_CODE = YES;
				CLANG_WARN__DUPLICATE_METHOD_MATCH = YES;
				COPY_PHASE_STRIP = NO;
				DEBUG_INFORMATION_FORMAT = dwarf;
				ENABLE_STRICT_OBJC_MSGSEND = YES;
				ENABLE_TESTABILITY = YES;
				GCC_C_LANGUAGE_STANDARD = gnu11;
				GCC_DYNAMIC_NO_PIC = NO;
				GCC_NO_COMMON_BLOCKS = YES;
				GCC_OPTIMIZATION_LEVEL = 0;
				GCC_PREPROCESSOR_DEFINITIONS = (
					"DEBUG=1",
					"$(inherited)",
				);
				GCC_WARN_64_TO_32_BIT_CONVERSION = YES;
				GCC_WARN_ABOUT_RETURN_TYPE = YES_ERROR;
				GCC_WARN_UNDECLARED_SELECTOR = YES;
				GCC_WARN_UNINITIALIZED_AUTOS = YES_AGGRESSIVE;
				GCC_WARN_UNUSED_FUNCTION = YES;
				GCC_WARN_UNUSED_VARIABLE = YES;
				IPHONEOS_DEPLOYMENT_TARGET = 9.0;
				MTL_ENABLE_DEBUG_INFO = INCLUDE_SOURCE;
				MTL_FAST_MATH = YES;
				ONLY_ACTIVE_ARCH = YES;
				SDKROOT = iphoneos;
			};
			name = Debug;
		};
		4A98801C2AE66A9F003AA1D5 /* Release */ = {
			isa = XCBuildConfiguration;
			buildSettings = {
				ALWAYS_SEARCH_USER_PATHS = NO;
				CLANG_ANALYZER_NONNULL = YES;
				CLANG_ANALYZER_NUMBER_OBJECT_CONVERSION = YES_AGGRESSIVE;
				CLANG_CXX_LANGUAGE_STANDARD = "gnu++20";
				CLANG_ENABLE_MODULES = YES;
				CLANG_ENABLE_OBJC_ARC = YES;
				CLANG_ENABLE_OBJC_WEAK = YES;
				CLANG_WARN_BLOCK_CAPTURE_AUTORELEASING = YES;
				CLANG_WARN_BOOL_CONVERSION = YES;
				CLANG_WARN_COMMA = YES;
				CLANG_WARN_CONSTANT_CONVERSION = YES;
				CLANG_WARN_DEPRECATED_OBJC_IMPLEMENTATIONS = YES;
				CLANG_WARN_DIRECT_OBJC_ISA_USAGE = YES_ERROR;
				CLANG_WARN_DOCUMENTATION_COMMENTS = YES;
				CLANG_WARN_EMPTY_BODY = YES;
				CLANG_WARN_ENUM_CONVERSION = YES;
				CLANG_WARN_INFINITE_RECURSION = YES;
				CLANG_WARN_INT_CONVERSION = YES;
				CLANG_WARN_NON_LITERAL_NULL_CONVERSION = YES;
				CLANG_WARN_OBJC_IMPLICIT_RETAIN_SELF = YES;
				CLANG_WARN_OBJC_LITERAL_CONVERSION = YES;
				CLANG_WARN_OBJC_ROOT_CLASS = YES_ERROR;
				CLANG_WARN_QUOTED_INCLUDE_IN_FRAMEWORK_HEADER = YES;
				CLANG_WARN_RANGE_LOOP_ANALYSIS = YES;
				CLANG_WARN_STRICT_PROTOTYPES = YES;
				CLANG_WARN_SUSPICIOUS_MOVE = YES;
				CLANG_WARN_UNGUARDED_AVAILABILITY = YES_AGGRESSIVE;
				CLANG_WARN_UNREACHABLE_CODE = YES;
				CLANG_WARN__DUPLICATE_METHOD_MATCH = YES;
				COPY_PHASE_STRIP = NO;
				DEBUG_INFORMATION_FORMAT = "dwarf-with-dsym";
				ENABLE_NS_ASSERTIONS = NO;
				ENABLE_STRICT_OBJC_MSGSEND = YES;
				GCC_C_LANGUAGE_STANDARD = gnu11;
				GCC_NO_COMMON_BLOCKS = YES;
				GCC_WARN_64_TO_32_BIT_CONVERSION = YES;
				GCC_WARN_ABOUT_RETURN_TYPE = YES_ERROR;
				GCC_WARN_UNDECLARED_SELECTOR = YES;
				GCC_WARN_UNINITIALIZED_AUTOS = YES_AGGRESSIVE;
				GCC_WARN_UNUSED_FUNCTION = YES;
				GCC_WARN_UNUSED_VARIABLE = YES;
				IPHONEOS_DEPLOYMENT_TARGET = 9.0;
				MTL_ENABLE_DEBUG_INFO = NO;
				MTL_FAST_MATH = YES;
				SDKROOT = iphoneos;
				VALIDATE_PRODUCT = YES;
			};
			name = Release;
		};
		4A98801E2AE66A9F003AA1D5 /* Debug */ = {
			isa = XCBuildConfiguration;
			baseConfigurationReference = CDC03EF9DC70142D7763D79D /* Pods-YXTodayNewsViewDemo.debug.xcconfig */;
			buildSettings = {
				ASSETCATALOG_COMPILER_APPICON_NAME = AppIcon;
				ASSETCATALOG_COMPILER_GLOBAL_ACCENT_COLOR_NAME = AccentColor;
				CLANG_ENABLE_MODULES = YES;
				CODE_SIGN_STYLE = Automatic;
				CURRENT_PROJECT_VERSION = 1;
				GENERATE_INFOPLIST_FILE = YES;
				INFOPLIST_FILE = YXTodayNewsViewDemo/Info.plist;
				INFOPLIST_KEY_UIApplicationSupportsIndirectInputEvents = YES;
				INFOPLIST_KEY_UILaunchStoryboardName = LaunchScreen;
				INFOPLIST_KEY_UISupportedInterfaceOrientations = UIInterfaceOrientationPortrait;
				INFOPLIST_KEY_UISupportedInterfaceOrientations_iPad = "UIInterfaceOrientationLandscapeLeft UIInterfaceOrientationLandscapeRight UIInterfaceOrientationPortrait UIInterfaceOrientationPortraitUpsideDown";
				IPHONEOS_DEPLOYMENT_TARGET = 9.0;
				LD_RUNPATH_SEARCH_PATHS = (
					"$(inherited)",
					"@executable_path/Frameworks",
				);
				MARKETING_VERSION = 1.0;
				PRODUCT_BUNDLE_IDENTIFIER = com.kimetenai.YXTodayNewsViewDemo;
				PRODUCT_NAME = "$(TARGET_NAME)";
				SUPPORTED_PLATFORMS = "iphoneos iphonesimulator";
				SUPPORTS_MACCATALYST = NO;
				SUPPORTS_MAC_DESIGNED_FOR_IPHONE_IPAD = NO;
				SWIFT_EMIT_LOC_STRINGS = YES;
				SWIFT_OBJC_BRIDGING_HEADER = "YXTodayNewsViewDemo/YXTodayNewsViewDemo-Bridging-Header.h";
				SWIFT_OPTIMIZATION_LEVEL = "-Onone";
				SWIFT_VERSION = 5.0;
				TARGETED_DEVICE_FAMILY = 1;
			};
			name = Debug;
		};
		4A98801F2AE66A9F003AA1D5 /* Release */ = {
			isa = XCBuildConfiguration;
			baseConfigurationReference = 99C9BE6581CF24D05424BD71 /* Pods-YXTodayNewsViewDemo.release.xcconfig */;
			buildSettings = {
				ASSETCATALOG_COMPILER_APPICON_NAME = AppIcon;
				ASSETCATALOG_COMPILER_GLOBAL_ACCENT_COLOR_NAME = AccentColor;
				CLANG_ENABLE_MODULES = YES;
				CODE_SIGN_STYLE = Automatic;
				CURRENT_PROJECT_VERSION = 1;
				GENERATE_INFOPLIST_FILE = YES;
				INFOPLIST_FILE = YXTodayNewsViewDemo/Info.plist;
				INFOPLIST_KEY_UIApplicationSupportsIndirectInputEvents = YES;
				INFOPLIST_KEY_UILaunchStoryboardName = LaunchScreen;
				INFOPLIST_KEY_UISupportedInterfaceOrientations = UIInterfaceOrientationPortrait;
				INFOPLIST_KEY_UISupportedInterfaceOrientations_iPad = "UIInterfaceOrientationLandscapeLeft UIInterfaceOrientationLandscapeRight UIInterfaceOrientationPortrait UIInterfaceOrientationPortraitUpsideDown";
				IPHONEOS_DEPLOYMENT_TARGET = 9.0;
				LD_RUNPATH_SEARCH_PATHS = (
					"$(inherited)",
					"@executable_path/Frameworks",
				);
				MARKETING_VERSION = 1.0;
				PRODUCT_BUNDLE_IDENTIFIER = com.kimetenai.YXTodayNewsViewDemo;
				PRODUCT_NAME = "$(TARGET_NAME)";
				SUPPORTED_PLATFORMS = "iphoneos iphonesimulator";
				SUPPORTS_MACCATALYST = NO;
				SUPPORTS_MAC_DESIGNED_FOR_IPHONE_IPAD = NO;
				SWIFT_EMIT_LOC_STRINGS = YES;
				SWIFT_OBJC_BRIDGING_HEADER = "YXTodayNewsViewDemo/YXTodayNewsViewDemo-Bridging-Header.h";
				SWIFT_VERSION = 5.0;
				TARGETED_DEVICE_FAMILY = 1;
			};
			name = Release;
		};
/* End XCBuildConfiguration section */

/* Begin XCConfigurationList section */
		4A987FFF2AE66A9E003AA1D5 /* Build configuration list for PBXProject "YXTodayNewsViewDemo" */ = {
			isa = XCConfigurationList;
			buildConfigurations = (
				4A98801B2AE66A9F003AA1D5 /* Debug */,
				4A98801C2AE66A9F003AA1D5 /* Release */,
			);
			defaultConfigurationIsVisible = 0;
			defaultConfigurationName = Release;
		};
		4A98801D2AE66A9F003AA1D5 /* Build configuration list for PBXNativeTarget "YXTodayNewsViewDemo" */ = {
			isa = XCConfigurationList;
			buildConfigurations = (
				4A98801E2AE66A9F003AA1D5 /* Debug */,
				4A98801F2AE66A9F003AA1D5 /* Release */,
			);
			defaultConfigurationIsVisible = 0;
			defaultConfigurationName = Release;
		};
/* End XCConfigurationList section */
	};
	rootObject = 4A987FFC2AE66A9E003AA1D5 /* Project object */;
}
